// !$*UTF8*$!
{
	archiveVersion = 1;
	classes = {
	};
	objectVersion = 56;
	objects = {

/* Begin PBXBuildFile section */
		740E0DC5292A75D6005AD5BB /* Cross_PlatformApp.swift in Sources */ = {isa = PBXBuildFile; fileRef = 740E0DC4292A75D6005AD5BB /* Cross_PlatformApp.swift */; };
		740E0DC7292A75D6005AD5BB /* MainView.swift in Sources */ = {isa = PBXBuildFile; fileRef = 740E0DC6292A75D6005AD5BB /* MainView.swift */; };
		740E0DC9292A75D7005AD5BB /* Assets.xcassets in Resources */ = {isa = PBXBuildFile; fileRef = 740E0DC8292A75D7005AD5BB /* Assets.xcassets */; };
		740E0DCD292A75D7005AD5BB /* Preview Assets.xcassets in Resources */ = {isa = PBXBuildFile; fileRef = 740E0DCC292A75D7005AD5BB /* Preview Assets.xcassets */; };
		740E0DDF292A79E1005AD5BB /* MainViewModel.swift in Sources */ = {isa = PBXBuildFile; fileRef = 740E0DDE292A79E1005AD5BB /* MainViewModel.swift */; };
		740E0DE4292A7A4A005AD5BB /* PlayView.swift in Sources */ = {isa = PBXBuildFile; fileRef = 740E0DE3292A7A4A005AD5BB /* PlayView.swift */; };
		740E0DE6292A7A63005AD5BB /* LeaderboardView.swift in Sources */ = {isa = PBXBuildFile; fileRef = 740E0DE5292A7A63005AD5BB /* LeaderboardView.swift */; };
		740E0DE8292A7A6F005AD5BB /* SettingsView.swift in Sources */ = {isa = PBXBuildFile; fileRef = 740E0DE7292A7A6F005AD5BB /* SettingsView.swift */; };
		740E0DEA292A7AD2005AD5BB /* SettingsViewModel.swift in Sources */ = {isa = PBXBuildFile; fileRef = 740E0DE9292A7AD2005AD5BB /* SettingsViewModel.swift */; };
		740E0DED292A7B2D005AD5BB /* LeaderboardViewModel.swift in Sources */ = {isa = PBXBuildFile; fileRef = 740E0DEC292A7B2D005AD5BB /* LeaderboardViewModel.swift */; };
		740E0DEF292A7B75005AD5BB /* PlayViewModel.swift in Sources */ = {isa = PBXBuildFile; fileRef = 740E0DEE292A7B75005AD5BB /* PlayViewModel.swift */; };
		740E0DF3292A8D6E005AD5BB /* TimerConcurrent.swift in Sources */ = {isa = PBXBuildFile; fileRef = 740E0DF2292A8D6E005AD5BB /* TimerConcurrent.swift */; };
		FCCE36DB292BA80D0054B2E6 /* UserSettings.swift in Sources */ = {isa = PBXBuildFile; fileRef = FCCE36DA292BA80D0054B2E6 /* UserSettings.swift */; };
/* End PBXBuildFile section */

/* Begin PBXFileReference section */
		740E0DC1292A75D6005AD5BB /* Cross-Platform.app */ = {isa = PBXFileReference; explicitFileType = wrapper.application; includeInIndex = 0; path = "Cross-Platform.app"; sourceTree = BUILT_PRODUCTS_DIR; };
		740E0DC4292A75D6005AD5BB /* Cross_PlatformApp.swift */ = {isa = PBXFileReference; lastKnownFileType = sourcecode.swift; path = Cross_PlatformApp.swift; sourceTree = "<group>"; };
		740E0DC6292A75D6005AD5BB /* MainView.swift */ = {isa = PBXFileReference; lastKnownFileType = sourcecode.swift; path = MainView.swift; sourceTree = "<group>"; };
		740E0DC8292A75D7005AD5BB /* Assets.xcassets */ = {isa = PBXFileReference; lastKnownFileType = folder.assetcatalog; path = Assets.xcassets; sourceTree = "<group>"; };
		740E0DCA292A75D7005AD5BB /* Cross_Platform.entitlements */ = {isa = PBXFileReference; lastKnownFileType = text.plist.entitlements; path = Cross_Platform.entitlements; sourceTree = "<group>"; };
		740E0DCC292A75D7005AD5BB /* Preview Assets.xcassets */ = {isa = PBXFileReference; lastKnownFileType = folder.assetcatalog; path = "Preview Assets.xcassets"; sourceTree = "<group>"; };
		740E0DDE292A79E1005AD5BB /* MainViewModel.swift */ = {isa = PBXFileReference; lastKnownFileType = sourcecode.swift; path = MainViewModel.swift; sourceTree = "<group>"; };
		740E0DE3292A7A4A005AD5BB /* PlayView.swift */ = {isa = PBXFileReference; lastKnownFileType = sourcecode.swift; path = PlayView.swift; sourceTree = "<group>"; };
		740E0DE5292A7A63005AD5BB /* LeaderboardView.swift */ = {isa = PBXFileReference; lastKnownFileType = sourcecode.swift; path = LeaderboardView.swift; sourceTree = "<group>"; };
		740E0DE7292A7A6F005AD5BB /* SettingsView.swift */ = {isa = PBXFileReference; lastKnownFileType = sourcecode.swift; path = SettingsView.swift; sourceTree = "<group>"; };
		740E0DE9292A7AD2005AD5BB /* SettingsViewModel.swift */ = {isa = PBXFileReference; lastKnownFileType = sourcecode.swift; path = SettingsViewModel.swift; sourceTree = "<group>"; };
		740E0DEC292A7B2D005AD5BB /* LeaderboardViewModel.swift */ = {isa = PBXFileReference; lastKnownFileType = sourcecode.swift; path = LeaderboardViewModel.swift; sourceTree = "<group>"; };
		740E0DEE292A7B75005AD5BB /* PlayViewModel.swift */ = {isa = PBXFileReference; lastKnownFileType = sourcecode.swift; path = PlayViewModel.swift; sourceTree = "<group>"; };
		740E0DF2292A8D6E005AD5BB /* TimerConcurrent.swift */ = {isa = PBXFileReference; lastKnownFileType = sourcecode.swift; path = TimerConcurrent.swift; sourceTree = "<group>"; };
		FCCE36DA292BA80D0054B2E6 /* UserSettings.swift */ = {isa = PBXFileReference; lastKnownFileType = sourcecode.swift; path = UserSettings.swift; sourceTree = "<group>"; };
/* End PBXFileReference section */

/* Begin PBXFrameworksBuildPhase section */
		740E0DBE292A75D6005AD5BB /* Frameworks */ = {
			isa = PBXFrameworksBuildPhase;
			buildActionMask = 2147483647;
			files = (
			);
			runOnlyForDeploymentPostprocessing = 0;
		};
/* End PBXFrameworksBuildPhase section */

/* Begin PBXGroup section */
		740E0DB8292A75D6005AD5BB = {
			isa = PBXGroup;
			children = (
				740E0DC3292A75D6005AD5BB /* Cross-Platform */,
				740E0DC2292A75D6005AD5BB /* Products */,
			);
			sourceTree = "<group>";
		};
		740E0DC2292A75D6005AD5BB /* Products */ = {
			isa = PBXGroup;
			children = (
				740E0DC1292A75D6005AD5BB /* Cross-Platform.app */,
			);
			name = Products;
			sourceTree = "<group>";
		};
		740E0DC3292A75D6005AD5BB /* Cross-Platform */ = {
			isa = PBXGroup;
			children = (
				740E0DD3292A78E6005AD5BB /* MVVM */,
				740E0DC4292A75D6005AD5BB /* Cross_PlatformApp.swift */,
				740E0DC8292A75D7005AD5BB /* Assets.xcassets */,
				740E0DCA292A75D7005AD5BB /* Cross_Platform.entitlements */,
				740E0DCB292A75D7005AD5BB /* Preview Content */,
			);
			path = "Cross-Platform";
			sourceTree = "<group>";
		};
		740E0DCB292A75D7005AD5BB /* Preview Content */ = {
			isa = PBXGroup;
			children = (
				740E0DCC292A75D7005AD5BB /* Preview Assets.xcassets */,
			);
			path = "Preview Content";
			sourceTree = "<group>";
		};
		740E0DD3292A78E6005AD5BB /* MVVM */ = {
			isa = PBXGroup;
			children = (
				740E0DF0292A8D4A005AD5BB /* Application */,
				740E0DD4292A78FF005AD5BB /* Menu */,
			);
			path = MVVM;
			sourceTree = "<group>";
		};
		740E0DD4292A78FF005AD5BB /* Menu */ = {
			isa = PBXGroup;
			children = (
				740E0DD5292A7908005AD5BB /* Main */,
				740E0DE0292A7A30005AD5BB /* Play */,
				740E0DD9292A7935005AD5BB /* Leaderboard */,
				740E0DD8292A792A005AD5BB /* Settings */,
			);
			path = Menu;
			sourceTree = "<group>";
		};
		740E0DD5292A7908005AD5BB /* Main */ = {
			isa = PBXGroup;
			children = (
				740E0DD7292A7914005AD5BB /* ViewModel */,
				740E0DD6292A790E005AD5BB /* View */,
			);
			path = Main;
			sourceTree = "<group>";
		};
		740E0DD6292A790E005AD5BB /* View */ = {
			isa = PBXGroup;
			children = (
				740E0DC6292A75D6005AD5BB /* MainView.swift */,
			);
			path = View;
			sourceTree = "<group>";
		};
		740E0DD7292A7914005AD5BB /* ViewModel */ = {
			isa = PBXGroup;
			children = (
				740E0DDE292A79E1005AD5BB /* MainViewModel.swift */,
			);
			path = ViewModel;
			sourceTree = "<group>";
		};
		740E0DD8292A792A005AD5BB /* Settings */ = {
			isa = PBXGroup;
			children = (
				740E0DDB292A7946005AD5BB /* ViewModel */,
				740E0DDA292A793F005AD5BB /* View */,
			);
			path = Settings;
			sourceTree = "<group>";
		};
		740E0DD9292A7935005AD5BB /* Leaderboard */ = {
			isa = PBXGroup;
			children = (
				740E0DDD292A7956005AD5BB /* ViewModel */,
				740E0DDC292A7951005AD5BB /* View */,
			);
			path = Leaderboard;
			sourceTree = "<group>";
		};
		740E0DDA292A793F005AD5BB /* View */ = {
			isa = PBXGroup;
			children = (
				740E0DE7292A7A6F005AD5BB /* SettingsView.swift */,
			);
			path = View;
			sourceTree = "<group>";
		};
		740E0DDB292A7946005AD5BB /* ViewModel */ = {
			isa = PBXGroup;
			children = (
				740E0DE9292A7AD2005AD5BB /* SettingsViewModel.swift */,
			);
			path = ViewModel;
			sourceTree = "<group>";
		};
		740E0DDC292A7951005AD5BB /* View */ = {
			isa = PBXGroup;
			children = (
				740E0DE5292A7A63005AD5BB /* LeaderboardView.swift */,
			);
			path = View;
			sourceTree = "<group>";
		};
		740E0DDD292A7956005AD5BB /* ViewModel */ = {
			isa = PBXGroup;
			children = (
				740E0DEC292A7B2D005AD5BB /* LeaderboardViewModel.swift */,
			);
			path = ViewModel;
			sourceTree = "<group>";
		};
		740E0DE0292A7A30005AD5BB /* Play */ = {
			isa = PBXGroup;
			children = (
				740E0DE2292A7A3B005AD5BB /* ViewModel */,
				740E0DE1292A7A36005AD5BB /* View */,
			);
			path = Play;
			sourceTree = "<group>";
		};
		740E0DE1292A7A36005AD5BB /* View */ = {
			isa = PBXGroup;
			children = (
				740E0DE3292A7A4A005AD5BB /* PlayView.swift */,
			);
			path = View;
			sourceTree = "<group>";
		};
		740E0DE2292A7A3B005AD5BB /* ViewModel */ = {
			isa = PBXGroup;
			children = (
				740E0DEE292A7B75005AD5BB /* PlayViewModel.swift */,
			);
			path = ViewModel;
			sourceTree = "<group>";
		};
		740E0DF0292A8D4A005AD5BB /* Application */ = {
			isa = PBXGroup;
			children = (
				FCCE36D9292BA7F30054B2E6 /* UserSettings */,
				740E0DF1292A8D54005AD5BB /* Timer */,
			);
			path = Application;
			sourceTree = "<group>";
		};
		740E0DF1292A8D54005AD5BB /* Timer */ = {
			isa = PBXGroup;
			children = (
				740E0DF2292A8D6E005AD5BB /* TimerConcurrent.swift */,
			);
			path = Timer;
			sourceTree = "<group>";
		};
		FCCE36D9292BA7F30054B2E6 /* UserSettings */ = {
			isa = PBXGroup;
			children = (
				FCCE36DA292BA80D0054B2E6 /* UserSettings.swift */,
			);
			path = UserSettings;
			sourceTree = "<group>";
		};
/* End PBXGroup section */

/* Begin PBXNativeTarget section */
		740E0DC0292A75D6005AD5BB /* Cross-Platform */ = {
			isa = PBXNativeTarget;
			buildConfigurationList = 740E0DD0292A75D7005AD5BB /* Build configuration list for PBXNativeTarget "Cross-Platform" */;
			buildPhases = (
				740E0DBD292A75D6005AD5BB /* Sources */,
				740E0DBE292A75D6005AD5BB /* Frameworks */,
				740E0DBF292A75D6005AD5BB /* Resources */,
			);
			buildRules = (
			);
			dependencies = (
			);
			name = "Cross-Platform";
			productName = "Cross-Platform";
			productReference = 740E0DC1292A75D6005AD5BB /* Cross-Platform.app */;
			productType = "com.apple.product-type.application";
		};
/* End PBXNativeTarget section */

/* Begin PBXProject section */
		740E0DB9292A75D6005AD5BB /* Project object */ = {
			isa = PBXProject;
			attributes = {
				BuildIndependentTargetsInParallel = 1;
				LastSwiftUpdateCheck = 1410;
				LastUpgradeCheck = 1410;
				TargetAttributes = {
					740E0DC0292A75D6005AD5BB = {
						CreatedOnToolsVersion = 14.1;
					};
				};
			};
			buildConfigurationList = 740E0DBC292A75D6005AD5BB /* Build configuration list for PBXProject "Cross-Platform" */;
			compatibilityVersion = "Xcode 14.0";
			developmentRegion = en;
			hasScannedForEncodings = 0;
			knownRegions = (
				en,
				Base,
			);
			mainGroup = 740E0DB8292A75D6005AD5BB;
			productRefGroup = 740E0DC2292A75D6005AD5BB /* Products */;
			projectDirPath = "";
			projectRoot = "";
			targets = (
				740E0DC0292A75D6005AD5BB /* Cross-Platform */,
			);
		};
/* End PBXProject section */

/* Begin PBXResourcesBuildPhase section */
		740E0DBF292A75D6005AD5BB /* Resources */ = {
			isa = PBXResourcesBuildPhase;
			buildActionMask = 2147483647;
			files = (
				740E0DCD292A75D7005AD5BB /* Preview Assets.xcassets in Resources */,
				740E0DC9292A75D7005AD5BB /* Assets.xcassets in Resources */,
			);
			runOnlyForDeploymentPostprocessing = 0;
		};
/* End PBXResourcesBuildPhase section */

/* Begin PBXSourcesBuildPhase section */
		740E0DBD292A75D6005AD5BB /* Sources */ = {
			isa = PBXSourcesBuildPhase;
			buildActionMask = 2147483647;
			files = (
				740E0DF3292A8D6E005AD5BB /* TimerConcurrent.swift in Sources */,
				740E0DE6292A7A63005AD5BB /* LeaderboardView.swift in Sources */,
				740E0DC7292A75D6005AD5BB /* MainView.swift in Sources */,
				740E0DC5292A75D6005AD5BB /* Cross_PlatformApp.swift in Sources */,
				740E0DE8292A7A6F005AD5BB /* SettingsView.swift in Sources */,
				740E0DE4292A7A4A005AD5BB /* PlayView.swift in Sources */,
				740E0DDF292A79E1005AD5BB /* MainViewModel.swift in Sources */,
				740E0DEF292A7B75005AD5BB /* PlayViewModel.swift in Sources */,
				740E0DED292A7B2D005AD5BB /* LeaderboardViewModel.swift in Sources */,
				740E0DEA292A7AD2005AD5BB /* SettingsViewModel.swift in Sources */,
				FCCE36DB292BA80D0054B2E6 /* UserSettings.swift in Sources */,
			);
			runOnlyForDeploymentPostprocessing = 0;
		};
/* End PBXSourcesBuildPhase section */

/* Begin XCBuildConfiguration section */
		740E0DCE292A75D7005AD5BB /* Debug */ = {
			isa = XCBuildConfiguration;
			buildSettings = {
				ALWAYS_SEARCH_USER_PATHS = NO;
				CLANG_ANALYZER_NONNULL = YES;
				CLANG_ANALYZER_NUMBER_OBJECT_CONVERSION = YES_AGGRESSIVE;
				CLANG_CXX_LANGUAGE_STANDARD = "gnu++20";
				CLANG_ENABLE_MODULES = YES;
				CLANG_ENABLE_OBJC_ARC = YES;
				CLANG_ENABLE_OBJC_WEAK = YES;
				CLANG_WARN_BLOCK_CAPTURE_AUTORELEASING = YES;
				CLANG_WARN_BOOL_CONVERSION = YES;
				CLANG_WARN_COMMA = YES;
				CLANG_WARN_CONSTANT_CONVERSION = YES;
				CLANG_WARN_DEPRECATED_OBJC_IMPLEMENTATIONS = YES;
				CLANG_WARN_DIRECT_OBJC_ISA_USAGE = YES_ERROR;
				CLANG_WARN_DOCUMENTATION_COMMENTS = YES;
				CLANG_WARN_EMPTY_BODY = YES;
				CLANG_WARN_ENUM_CONVERSION = YES;
				CLANG_WARN_INFINITE_RECURSION = YES;
				CLANG_WARN_INT_CONVERSION = YES;
				CLANG_WARN_NON_LITERAL_NULL_CONVERSION = YES;
				CLANG_WARN_OBJC_IMPLICIT_RETAIN_SELF = YES;
				CLANG_WARN_OBJC_LITERAL_CONVERSION = YES;
				CLANG_WARN_OBJC_ROOT_CLASS = YES_ERROR;
				CLANG_WARN_QUOTED_INCLUDE_IN_FRAMEWORK_HEADER = YES;
				CLANG_WARN_RANGE_LOOP_ANALYSIS = YES;
				CLANG_WARN_STRICT_PROTOTYPES = YES;
				CLANG_WARN_SUSPICIOUS_MOVE = YES;
				CLANG_WARN_UNGUARDED_AVAILABILITY = YES_AGGRESSIVE;
				CLANG_WARN_UNREACHABLE_CODE = YES;
				CLANG_WARN__DUPLICATE_METHOD_MATCH = YES;
				COPY_PHASE_STRIP = NO;
				DEBUG_INFORMATION_FORMAT = dwarf;
				ENABLE_STRICT_OBJC_MSGSEND = YES;
				ENABLE_TESTABILITY = YES;
				GCC_C_LANGUAGE_STANDARD = gnu11;
				GCC_DYNAMIC_NO_PIC = NO;
				GCC_NO_COMMON_BLOCKS = YES;
				GCC_OPTIMIZATION_LEVEL = 0;
				GCC_PREPROCESSOR_DEFINITIONS = (
					"DEBUG=1",
					"$(inherited)",
				);
				GCC_WARN_64_TO_32_BIT_CONVERSION = YES;
				GCC_WARN_ABOUT_RETURN_TYPE = YES_ERROR;
				GCC_WARN_UNDECLARED_SELECTOR = YES;
				GCC_WARN_UNINITIALIZED_AUTOS = YES_AGGRESSIVE;
				GCC_WARN_UNUSED_FUNCTION = YES;
				GCC_WARN_UNUSED_VARIABLE = YES;
				MTL_ENABLE_DEBUG_INFO = INCLUDE_SOURCE;
				MTL_FAST_MATH = YES;
				ONLY_ACTIVE_ARCH = YES;
				SWIFT_ACTIVE_COMPILATION_CONDITIONS = DEBUG;
				SWIFT_OPTIMIZATION_LEVEL = "-Onone";
			};
			name = Debug;
		};
		740E0DCF292A75D7005AD5BB /* Release */ = {
			isa = XCBuildConfiguration;
			buildSettings = {
				ALWAYS_SEARCH_USER_PATHS = NO;
				CLANG_ANALYZER_NONNULL = YES;
				CLANG_ANALYZER_NUMBER_OBJECT_CONVERSION = YES_AGGRESSIVE;
				CLANG_CXX_LANGUAGE_STANDARD = "gnu++20";
				CLANG_ENABLE_MODULES = YES;
				CLANG_ENABLE_OBJC_ARC = YES;
				CLANG_ENABLE_OBJC_WEAK = YES;
				CLANG_WARN_BLOCK_CAPTURE_AUTORELEASING = YES;
				CLANG_WARN_BOOL_CONVERSION = YES;
				CLANG_WARN_COMMA = YES;
				CLANG_WARN_CONSTANT_CONVERSION = YES;
				CLANG_WARN_DEPRECATED_OBJC_IMPLEMENTATIONS = YES;
				CLANG_WARN_DIRECT_OBJC_ISA_USAGE = YES_ERROR;
				CLANG_WARN_DOCUMENTATION_COMMENTS = YES;
				CLANG_WARN_EMPTY_BODY = YES;
				CLANG_WARN_ENUM_CONVERSION = YES;
				CLANG_WARN_INFINITE_RECURSION = YES;
				CLANG_WARN_INT_CONVERSION = YES;
				CLANG_WARN_NON_LITERAL_NULL_CONVERSION = YES;
				CLANG_WARN_OBJC_IMPLICIT_RETAIN_SELF = YES;
				CLANG_WARN_OBJC_LITERAL_CONVERSION = YES;
				CLANG_WARN_OBJC_ROOT_CLASS = YES_ERROR;
				CLANG_WARN_QUOTED_INCLUDE_IN_FRAMEWORK_HEADER = YES;
				CLANG_WARN_RANGE_LOOP_ANALYSIS = YES;
				CLANG_WARN_STRICT_PROTOTYPES = YES;
				CLANG_WARN_SUSPICIOUS_MOVE = YES;
				CLANG_WARN_UNGUARDED_AVAILABILITY = YES_AGGRESSIVE;
				CLANG_WARN_UNREACHABLE_CODE = YES;
				CLANG_WARN__DUPLICATE_METHOD_MATCH = YES;
				COPY_PHASE_STRIP = NO;
				DEBUG_INFORMATION_FORMAT = "dwarf-with-dsym";
				ENABLE_NS_ASSERTIONS = NO;
				ENABLE_STRICT_OBJC_MSGSEND = YES;
				GCC_C_LANGUAGE_STANDARD = gnu11;
				GCC_NO_COMMON_BLOCKS = YES;
				GCC_WARN_64_TO_32_BIT_CONVERSION = YES;
				GCC_WARN_ABOUT_RETURN_TYPE = YES_ERROR;
				GCC_WARN_UNDECLARED_SELECTOR = YES;
				GCC_WARN_UNINITIALIZED_AUTOS = YES_AGGRESSIVE;
				GCC_WARN_UNUSED_FUNCTION = YES;
				GCC_WARN_UNUSED_VARIABLE = YES;
				MTL_ENABLE_DEBUG_INFO = NO;
				MTL_FAST_MATH = YES;
				SWIFT_COMPILATION_MODE = wholemodule;
				SWIFT_OPTIMIZATION_LEVEL = "-O";
			};
			name = Release;
		};
		740E0DD1292A75D7005AD5BB /* Debug */ = {
			isa = XCBuildConfiguration;
			buildSettings = {
				ASSETCATALOG_COMPILER_APPICON_NAME = AppIcon;
				ASSETCATALOG_COMPILER_GLOBAL_ACCENT_COLOR_NAME = AccentColor;
				CODE_SIGN_ENTITLEMENTS = "Cross-Platform/Cross_Platform.entitlements";
				CODE_SIGN_STYLE = Automatic;
				CURRENT_PROJECT_VERSION = 1;
				DEVELOPMENT_ASSET_PATHS = "\"Cross-Platform/Preview Content\"";
				DEVELOPMENT_TEAM = 7SDDGHR698;
				ENABLE_HARDENED_RUNTIME = YES;
				ENABLE_PREVIEWS = YES;
				GENERATE_INFOPLIST_FILE = YES;
				"INFOPLIST_KEY_UIApplicationSceneManifest_Generation[sdk=iphoneos*]" = YES;
				"INFOPLIST_KEY_UIApplicationSceneManifest_Generation[sdk=iphonesimulator*]" = YES;
				"INFOPLIST_KEY_UIApplicationSupportsIndirectInputEvents[sdk=iphoneos*]" = YES;
				"INFOPLIST_KEY_UIApplicationSupportsIndirectInputEvents[sdk=iphonesimulator*]" = YES;
				"INFOPLIST_KEY_UILaunchScreen_Generation[sdk=iphoneos*]" = YES;
				"INFOPLIST_KEY_UILaunchScreen_Generation[sdk=iphonesimulator*]" = YES;
				"INFOPLIST_KEY_UIStatusBarStyle[sdk=iphoneos*]" = UIStatusBarStyleDefault;
				"INFOPLIST_KEY_UIStatusBarStyle[sdk=iphonesimulator*]" = UIStatusBarStyleDefault;
				INFOPLIST_KEY_UISupportedInterfaceOrientations_iPad = "UIInterfaceOrientationPortrait UIInterfaceOrientationPortraitUpsideDown UIInterfaceOrientationLandscapeLeft UIInterfaceOrientationLandscapeRight";
				INFOPLIST_KEY_UISupportedInterfaceOrientations_iPhone = "UIInterfaceOrientationPortrait UIInterfaceOrientationLandscapeLeft UIInterfaceOrientationLandscapeRight";
				IPHONEOS_DEPLOYMENT_TARGET = 15.0;
				LD_RUNPATH_SEARCH_PATHS = "@executable_path/Frameworks";
				"LD_RUNPATH_SEARCH_PATHS[sdk=macosx*]" = "@executable_path/../Frameworks";
				MACOSX_DEPLOYMENT_TARGET = 11.0;
				MARKETING_VERSION = 1.0;
				PRODUCT_BUNDLE_IDENTIFIER = "com.evc.hw.Cross-Platform";
				PRODUCT_NAME = "$(TARGET_NAME)";
				SDKROOT = auto;
				SUPPORTED_PLATFORMS = "iphoneos iphonesimulator macosx";
				SWIFT_EMIT_LOC_STRINGS = YES;
				SWIFT_VERSION = 5.0;
				TARGETED_DEVICE_FAMILY = "1,2";
			};
			name = Debug;
		};
		740E0DD2292A75D7005AD5BB /* Release */ = {
			isa = XCBuildConfiguration;
			buildSettings = {
				ASSETCATALOG_COMPILER_APPICON_NAME = AppIcon;
				ASSETCATALOG_COMPILER_GLOBAL_ACCENT_COLOR_NAME = AccentColor;
				CODE_SIGN_ENTITLEMENTS = "Cross-Platform/Cross_Platform.entitlements";
				CODE_SIGN_STYLE = Automatic;
				CURRENT_PROJECT_VERSION = 1;
				DEVELOPMENT_ASSET_PATHS = "\"Cross-Platform/Preview Content\"";
				DEVELOPMENT_TEAM = 7SDDGHR698;
				ENABLE_HARDENED_RUNTIME = YES;
				ENABLE_PREVIEWS = YES;
				GENERATE_INFOPLIST_FILE = YES;
				"INFOPLIST_KEY_UIApplicationSceneManifest_Generation[sdk=iphoneos*]" = YES;
				"INFOPLIST_KEY_UIApplicationSceneManifest_Generation[sdk=iphonesimulator*]" = YES;
				"INFOPLIST_KEY_UIApplicationSupportsIndirectInputEvents[sdk=iphoneos*]" = YES;
				"INFOPLIST_KEY_UIApplicationSupportsIndirectInputEvents[sdk=iphonesimulator*]" = YES;
				"INFOPLIST_KEY_UILaunchScreen_Generation[sdk=iphoneos*]" = YES;
				"INFOPLIST_KEY_UILaunchScreen_Generation[sdk=iphonesimulator*]" = YES;
				"INFOPLIST_KEY_UIStatusBarStyle[sdk=iphoneos*]" = UIStatusBarStyleDefault;
				"INFOPLIST_KEY_UIStatusBarStyle[sdk=iphonesimulator*]" = UIStatusBarStyleDefault;
				INFOPLIST_KEY_UISupportedInterfaceOrientations_iPad = "UIInterfaceOrientationPortrait UIInterfaceOrientationPortraitUpsideDown UIInterfaceOrientationLandscapeLeft UIInterfaceOrientationLandscapeRight";
				INFOPLIST_KEY_UISupportedInterfaceOrientations_iPhone = "UIInterfaceOrientationPortrait UIInterfaceOrientationLandscapeLeft UIInterfaceOrientationLandscapeRight";
				IPHONEOS_DEPLOYMENT_TARGET = 15.0;
				LD_RUNPATH_SEARCH_PATHS = "@executable_path/Frameworks";
				"LD_RUNPATH_SEARCH_PATHS[sdk=macosx*]" = "@executable_path/../Frameworks";
				MACOSX_DEPLOYMENT_TARGET = 11.0;
				MARKETING_VERSION = 1.0;
				PRODUCT_BUNDLE_IDENTIFIER = "com.evc.hw.Cross-Platform";
				PRODUCT_NAME = "$(TARGET_NAME)";
				SDKROOT = auto;
				SUPPORTED_PLATFORMS = "iphoneos iphonesimulator macosx";
				SWIFT_EMIT_LOC_STRINGS = YES;
				SWIFT_VERSION = 5.0;
				TARGETED_DEVICE_FAMILY = "1,2";
			};
			name = Release;
		};
/* End XCBuildConfiguration section */

/* Begin XCConfigurationList section */
		740E0DBC292A75D6005AD5BB /* Build configuration list for PBXProject "Cross-Platform" */ = {
			isa = XCConfigurationList;
			buildConfigurations = (
				740E0DCE292A75D7005AD5BB /* Debug */,
				740E0DCF292A75D7005AD5BB /* Release */,
			);
			defaultConfigurationIsVisible = 0;
			defaultConfigurationName = Release;
		};
		740E0DD0292A75D7005AD5BB /* Build configuration list for PBXNativeTarget "Cross-Platform" */ = {
			isa = XCConfigurationList;
			buildConfigurations = (
				740E0DD1292A75D7005AD5BB /* Debug */,
				740E0DD2292A75D7005AD5BB /* Release */,
			);
			defaultConfigurationIsVisible = 0;
			defaultConfigurationName = Release;
		};
/* End XCConfigurationList section */
	};
	rootObject = 740E0DB9292A75D6005AD5BB /* Project object */;
}
